{
  "name": "aegisflow-ai-monorepo",
  "version": "2.4.0",
  "lockfileVersion": 3,
  "requires": true,
  "packages": {
    "": {
      "name": "aegisflow-ai-monorepo",
      "version": "2.4.0",
      "devDependencies": {
        "prettier": "^3.2.5"
      },
      "workspaces": [
        "frontend",
        "packages/*"
      ]
    },
    "frontend": {
      "version": "2.4.0",
      "dependencies": {
        "lucide-react": "^0.378.0",
        "next": "14.2.3",
        "react": "^18.3.1",
        "react-dom": "^18.3.1"
      },
      "devDependencies": {
        "@types/node": "^20.12.11",
        "@types/react": "^18.3.2",
        "@types/react-dom": "^18.3.0",
        "autoprefixer": "^10.4.19",
        "postcss": "^8.4.38",
        "tailwindcss": "^3.4.3",
        "typescript": "^5.4.5"
      }
    },
    "packages/sdk-ts": {
      "version": "2.4.0",
      "devDependencies": {
        "typescript": "^5.4.5"
      }
    },
    "node_modules/prettier": {
      "version": "3.2.5",
      "resolved": "https://registry.npmjs.org/prettier/-/prettier-3.2.5.tgz",
      "integrity": "sha512-3PZooPUC3zSsSkNLdkGLXdCYCZEmFiGSNOhv48uCtS00NWrN5Tfw4YfUOeceMDQY3eqP20IbVmUMrVKSTfG2pg==",
      "dev": true,
      "bin": {
        "prettier": "bin/prettier.cjs"
      },
      "engines": {
        "node": ">=14"
      }
    }
  }
}
