# This file is automatically generated by Poetry to ensure repeatable package installation.
[[package]]
name = "asyncpg"
version = "0.29.0"
description = "An asyncio PostgreSQL driver"
optional = false
python-versions = ">=3.8"

[[package]]
name = "duckdb"
version = "0.10.2"
description = "DuckDB in-process relational database management system"
optional = false
python-versions = ">=3.8"

[[package]]
name = "fastapi"
version = "0.111.0"
description = "FastAPI framework, high performance, easy to learn, fast to code, ready for production"
optional = false
python-versions = ">=3.8"

[[package]]
name = "httpx"
version = "0.27.0"
description = "The next generation HTTP client."
optional = false
python-versions = ">=3.8"

[[package]]
name = "numpy"
version = "1.26.4"
description = "Fundamental package for scientific computing with Python"
optional = false
python-versions = ">=3.9"

[[package]]
name = "pandas"
version = "2.2.2"
description = "Powerful data structures for data analysis, time series, and statistics"
optional = false
python-versions = ">=3.9"

[[package]]
name = "pydantic"
version = "2.7.0"
description = "Data validation using Python type hints"
optional = false
python-versions = ">=3.8"

[[package]]
name = "pydantic-settings"
version = "2.2.0"
description = "Settings management using Pydantic"
optional = false
python-versions = ">=3.8"

[[package]]
name = "redis"
version = "5.0.4"
description = "Python client for Redis key-value store"
optional = false
python-versions = ">=3.8"

[[package]]
name = "sqlalchemy"
version = "2.0.30"
description = "Database Abstraction Library"
optional = false
python-versions = ">=3.7"

[[package]]
name = "uvicorn"
version = "0.30.0"
description = "The lightning-fast ASGI server."
optional = false
python-versions = ">=3.8"

[metadata]
lock-version = "2.0"
python-versions = ">=3.11"
content-hash = "c1a938ea5f06df10e014526d7f02377b8f9e612b7a4214589d380e210156d9a1"
